// !$*UTF8*$!
{
	archiveVersion = 1;
	classes = {
	};
	objectVersion = 48;
	objects = {

/* Begin PBXBuildFile section */
		A33EE34521A2CF7700294C89 /* MyTableHeader.swift in Sources */ = {isa = PBXBuildFile; fileRef = A33EE34421A2CF7700294C89 /* MyTableHeader.swift */; };
		A33EE34721A2CFCD00294C89 /* Extensions.swift in Sources */ = {isa = PBXBuildFile; fileRef = A33EE34621A2CFCD00294C89 /* Extensions.swift */; };
		A34F540221A124360052DBA3 /* AppDelegate.swift in Sources */ = {isa = PBXBuildFile; fileRef = A34F540121A124360052DBA3 /* AppDelegate.swift */; };
		A34F540421A124360052DBA3 /* ViewController.swift in Sources */ = {isa = PBXBuildFile; fileRef = A34F540321A124360052DBA3 /* ViewController.swift */; };
		A34F540721A124360052DBA3 /* Main.storyboard in Resources */ = {isa = PBXBuildFile; fileRef = A34F540521A124360052DBA3 /* Main.storyboard */; };
		A34F540921A124360052DBA3 /* Assets.xcassets in Resources */ = {isa = PBXBuildFile; fileRef = A34F540821A124360052DBA3 /* Assets.xcassets */; };
		A34F540C21A124360052DBA3 /* LaunchScreen.storyboard in Resources */ = {isa = PBXBuildFile; fileRef = A34F540A21A124360052DBA3 /* LaunchScreen.storyboard */; };
		A34F541621A12FB30052DBA3 /* FeatureView.xib in Resources */ = {isa = PBXBuildFile; fileRef = A34F541521A12FB30052DBA3 /* FeatureView.xib */; };
		A34F541821A12FC50052DBA3 /* FeatureView.swift in Sources */ = {isa = PBXBuildFile; fileRef = A34F541721A12FC50052DBA3 /* FeatureView.swift */; };
		A34F541B21A1342D0052DBA3 /* Data Model.swift in Sources */ = {isa = PBXBuildFile; fileRef = A34F541A21A1342D0052DBA3 /* Data Model.swift */; };
		A3502B0A21A18DF700149FAB /* CategoryTableViewCell.swift in Sources */ = {isa = PBXBuildFile; fileRef = A3502B0921A18DF700149FAB /* CategoryTableViewCell.swift */; };
		A3502B0C21A18FE400149FAB /* ProductsCollectionViewCell.swift in Sources */ = {isa = PBXBuildFile; fileRef = A3502B0B21A18FE400149FAB /* ProductsCollectionViewCell.swift */; };
		A3502B0E21A1910A00149FAB /* SearchTextField.swift in Sources */ = {isa = PBXBuildFile; fileRef = A3502B0D21A1910A00149FAB /* SearchTextField.swift */; };
		A3575C1721ABBE320087B3E0 /* GetImages.swift in Sources */ = {isa = PBXBuildFile; fileRef = A3575C1621ABBE320087B3E0 /* GetImages.swift */; };
		A3575C1921ABC8DC0087B3E0 /* ShowImageViewController.swift in Sources */ = {isa = PBXBuildFile; fileRef = A3575C1821ABC8DC0087B3E0 /* ShowImageViewController.swift */; };
		A3575C1B21ABEB1B0087B3E0 /* ProductDetailsTableViewCell.swift in Sources */ = {isa = PBXBuildFile; fileRef = A3575C1A21ABEB1B0087B3E0 /* ProductDetailsTableViewCell.swift */; };
		A3575C1D21ABEB460087B3E0 /* SuggestionTableViewCell.swift in Sources */ = {isa = PBXBuildFile; fileRef = A3575C1C21ABEB460087B3E0 /* SuggestionTableViewCell.swift */; };
		A3575C1F21ABEC3A0087B3E0 /* ProductDetailHeaderTableViewCell.swift in Sources */ = {isa = PBXBuildFile; fileRef = A3575C1E21ABEC3A0087B3E0 /* ProductDetailHeaderTableViewCell.swift */; };
		A3575C2121ABEC700087B3E0 /* BuyButtonTableViewCell.swift in Sources */ = {isa = PBXBuildFile; fileRef = A3575C2021ABEC700087B3E0 /* BuyButtonTableViewCell.swift */; };
		A37A425021A294B60014D59A /* CategoriesViewController.swift in Sources */ = {isa = PBXBuildFile; fileRef = A37A424F21A294B60014D59A /* CategoriesViewController.swift */; };
		A37A425221A294CD0014D59A /* CartViewController.swift in Sources */ = {isa = PBXBuildFile; fileRef = A37A425121A294CD0014D59A /* CartViewController.swift */; };
		A37A425421A294DB0014D59A /* ProfielViewController.swift in Sources */ = {isa = PBXBuildFile; fileRef = A37A425321A294DB0014D59A /* ProfielViewController.swift */; };
		A37A425721A295C40014D59A /* UILogic.swift in Sources */ = {isa = PBXBuildFile; fileRef = A37A425621A295C40014D59A /* UILogic.swift */; };
		A39FD07421ABB34A0005A1CF /* ShowImagesPageViewController.swift in Sources */ = {isa = PBXBuildFile; fileRef = A39FD07321ABB34A0005A1CF /* ShowImagesPageViewController.swift */; };
		A3B742EB21AAC97A004BE9B8 /* ProductOverviewTableViewController.swift in Sources */ = {isa = PBXBuildFile; fileRef = A3B742EA21AAC97A004BE9B8 /* ProductOverviewTableViewController.swift */; };
		A3B742ED21AACB10004BE9B8 /* ProductHeaderImageView.swift in Sources */ = {isa = PBXBuildFile; fileRef = A3B742EC21AACB10004BE9B8 /* ProductHeaderImageView.swift */; };
/* End PBXBuildFile section */

/* Begin PBXFileReference section */
		A33EE34421A2CF7700294C89 /* MyTableHeader.swift */ = {isa = PBXFileReference; lastKnownFileType = sourcecode.swift; path = MyTableHeader.swift; sourceTree = "<group>"; };
		A33EE34621A2CFCD00294C89 /* Extensions.swift */ = {isa = PBXFileReference; lastKnownFileType = sourcecode.swift; path = Extensions.swift; sourceTree = "<group>"; };
		A34F53FE21A124360052DBA3 /* POCEOrder.app */ = {isa = PBXFileReference; explicitFileType = wrapper.application; includeInIndex = 0; path = POCEOrder.app; sourceTree = BUILT_PRODUCTS_DIR; };
		A34F540121A124360052DBA3 /* AppDelegate.swift */ = {isa = PBXFileReference; lastKnownFileType = sourcecode.swift; path = AppDelegate.swift; sourceTree = "<group>"; };
		A34F540321A124360052DBA3 /* ViewController.swift */ = {isa = PBXFileReference; lastKnownFileType = sourcecode.swift; path = ViewController.swift; sourceTree = "<group>"; };
		A34F540621A124360052DBA3 /* Base */ = {isa = PBXFileReference; lastKnownFileType = file.storyboard; name = Base; path = Base.lproj/Main.storyboard; sourceTree = "<group>"; };
		A34F540821A124360052DBA3 /* Assets.xcassets */ = {isa = PBXFileReference; lastKnownFileType = folder.assetcatalog; path = Assets.xcassets; sourceTree = "<group>"; };
		A34F540B21A124360052DBA3 /* Base */ = {isa = PBXFileReference; lastKnownFileType = file.storyboard; name = Base; path = Base.lproj/LaunchScreen.storyboard; sourceTree = "<group>"; };
		A34F540D21A124360052DBA3 /* Info.plist */ = {isa = PBXFileReference; lastKnownFileType = text.plist.xml; path = Info.plist; sourceTree = "<group>"; };
		A34F541521A12FB30052DBA3 /* FeatureView.xib */ = {isa = PBXFileReference; lastKnownFileType = file.xib; path = FeatureView.xib; sourceTree = "<group>"; };
		A34F541721A12FC50052DBA3 /* FeatureView.swift */ = {isa = PBXFileReference; lastKnownFileType = sourcecode.swift; path = FeatureView.swift; sourceTree = "<group>"; };
		A34F541A21A1342D0052DBA3 /* Data Model.swift */ = {isa = PBXFileReference; lastKnownFileType = sourcecode.swift; path = "Data Model.swift"; sourceTree = "<group>"; };
		A3502B0921A18DF700149FAB /* CategoryTableViewCell.swift */ = {isa = PBXFileReference; lastKnownFileType = sourcecode.swift; path = CategoryTableViewCell.swift; sourceTree = "<group>"; };
		A3502B0B21A18FE400149FAB /* ProductsCollectionViewCell.swift */ = {isa = PBXFileReference; lastKnownFileType = sourcecode.swift; path = ProductsCollectionViewCell.swift; sourceTree = "<group>"; };
		A3502B0D21A1910A00149FAB /* SearchTextField.swift */ = {isa = PBXFileReference; lastKnownFileType = sourcecode.swift; path = SearchTextField.swift; sourceTree = "<group>"; };
		A3575C1621ABBE320087B3E0 /* GetImages.swift */ = {isa = PBXFileReference; lastKnownFileType = sourcecode.swift; path = GetImages.swift; sourceTree = "<group>"; };
		A3575C1821ABC8DC0087B3E0 /* ShowImageViewController.swift */ = {isa = PBXFileReference; lastKnownFileType = sourcecode.swift; path = ShowImageViewController.swift; sourceTree = "<group>"; };
		A3575C1A21ABEB1B0087B3E0 /* ProductDetailsTableViewCell.swift */ = {isa = PBXFileReference; lastKnownFileType = sourcecode.swift; path = ProductDetailsTableViewCell.swift; sourceTree = "<group>"; };
		A3575C1C21ABEB460087B3E0 /* SuggestionTableViewCell.swift */ = {isa = PBXFileReference; lastKnownFileType = sourcecode.swift; path = SuggestionTableViewCell.swift; sourceTree = "<group>"; };
		A3575C1E21ABEC3A0087B3E0 /* ProductDetailHeaderTableViewCell.swift */ = {isa = PBXFileReference; lastKnownFileType = sourcecode.swift; path = ProductDetailHeaderTableViewCell.swift; sourceTree = "<group>"; };
		A3575C2021ABEC700087B3E0 /* BuyButtonTableViewCell.swift */ = {isa = PBXFileReference; lastKnownFileType = sourcecode.swift; path = BuyButtonTableViewCell.swift; sourceTree = "<group>"; };
		A37A424F21A294B60014D59A /* CategoriesViewController.swift */ = {isa = PBXFileReference; lastKnownFileType = sourcecode.swift; path = CategoriesViewController.swift; sourceTree = "<group>"; };
		A37A425121A294CD0014D59A /* CartViewController.swift */ = {isa = PBXFileReference; lastKnownFileType = sourcecode.swift; path = CartViewController.swift; sourceTree = "<group>"; };
		A37A425321A294DB0014D59A /* ProfielViewController.swift */ = {isa = PBXFileReference; lastKnownFileType = sourcecode.swift; path = ProfielViewController.swift; sourceTree = "<group>"; };
		A37A425621A295C40014D59A /* UILogic.swift */ = {isa = PBXFileReference; lastKnownFileType = sourcecode.swift; path = UILogic.swift; sourceTree = "<group>"; };
		A39FD07321ABB34A0005A1CF /* ShowImagesPageViewController.swift */ = {isa = PBXFileReference; lastKnownFileType = sourcecode.swift; path = ShowImagesPageViewController.swift; sourceTree = "<group>"; };
		A3B742EA21AAC97A004BE9B8 /* ProductOverviewTableViewController.swift */ = {isa = PBXFileReference; lastKnownFileType = sourcecode.swift; path = ProductOverviewTableViewController.swift; sourceTree = "<group>"; };
		A3B742EC21AACB10004BE9B8 /* ProductHeaderImageView.swift */ = {isa = PBXFileReference; lastKnownFileType = sourcecode.swift; path = ProductHeaderImageView.swift; sourceTree = "<group>"; };
/* End PBXFileReference section */

/* Begin PBXFrameworksBuildPhase section */
		A34F53FB21A124360052DBA3 /* Frameworks */ = {
			isa = PBXFrameworksBuildPhase;
			buildActionMask = 2147483647;
			files = (
			);
			runOnlyForDeploymentPostprocessing = 0;
		};
/* End PBXFrameworksBuildPhase section */

/* Begin PBXGroup section */
		A34F53F521A124360052DBA3 = {
			isa = PBXGroup;
			children = (
				A34F540021A124360052DBA3 /* POCEOrder */,
				A34F53FF21A124360052DBA3 /* Products */,
			);
			sourceTree = "<group>";
		};
		A34F53FF21A124360052DBA3 /* Products */ = {
			isa = PBXGroup;
			children = (
				A34F53FE21A124360052DBA3 /* POCEOrder.app */,
			);
			name = Products;
			sourceTree = "<group>";
		};
		A34F540021A124360052DBA3 /* POCEOrder */ = {
			isa = PBXGroup;
			children = (
				A37A425521A295950014D59A /* Common */,
				A34F540121A124360052DBA3 /* AppDelegate.swift */,
				A34F540321A124360052DBA3 /* ViewController.swift */,
				A37A425321A294DB0014D59A /* ProfielViewController.swift */,
				A39FD07321ABB34A0005A1CF /* ShowImagesPageViewController.swift */,
				A37A424F21A294B60014D59A /* CategoriesViewController.swift */,
				A37A425121A294CD0014D59A /* CartViewController.swift */,
				A3B742EA21AAC97A004BE9B8 /* ProductOverviewTableViewController.swift */,
				A3B742EC21AACB10004BE9B8 /* ProductHeaderImageView.swift */,
				A34F540521A124360052DBA3 /* Main.storyboard */,
				A34F540A21A124360052DBA3 /* LaunchScreen.storyboard */,
				A3502B0221A17ED600149FAB /* Cells */,
				A3502AFF21A15DD000149FAB /* Supporting Files */,
				A34F541921A134040052DBA3 /* Model */,
				A34F540821A124360052DBA3 /* Assets.xcassets */,
				A34F540D21A124360052DBA3 /* Info.plist */,
				A3575C1821ABC8DC0087B3E0 /* ShowImageViewController.swift */,
			);
			path = POCEOrder;
			sourceTree = "<group>";
		};
		A34F541921A134040052DBA3 /* Model */ = {
			isa = PBXGroup;
			children = (
				A34F541A21A1342D0052DBA3 /* Data Model.swift */,
			);
			path = Model;
			sourceTree = "<group>";
		};
		A3502AFF21A15DD000149FAB /* Supporting Files */ = {
			isa = PBXGroup;
			children = (
				A34F541521A12FB30052DBA3 /* FeatureView.xib */,
				A34F541721A12FC50052DBA3 /* FeatureView.swift */,
				A3502B0D21A1910A00149FAB /* SearchTextField.swift */,
				A33EE34421A2CF7700294C89 /* MyTableHeader.swift */,
				A33EE34621A2CFCD00294C89 /* Extensions.swift */,
			);
			path = "Supporting Files";
			sourceTree = "<group>";
		};
		A3502B0221A17ED600149FAB /* Cells */ = {
			isa = PBXGroup;
			children = (
				A3502B0921A18DF700149FAB /* CategoryTableViewCell.swift */,
				A3502B0B21A18FE400149FAB /* ProductsCollectionViewCell.swift */,
				A3575C1A21ABEB1B0087B3E0 /* ProductDetailsTableViewCell.swift */,
				A3575C1C21ABEB460087B3E0 /* SuggestionTableViewCell.swift */,
				A3575C1E21ABEC3A0087B3E0 /* ProductDetailHeaderTableViewCell.swift */,
				A3575C2021ABEC700087B3E0 /* BuyButtonTableViewCell.swift */,
			);
			path = Cells;
			sourceTree = "<group>";
		};
		A37A425521A295950014D59A /* Common */ = {
			isa = PBXGroup;
			children = (
				A37A425621A295C40014D59A /* UILogic.swift */,
				A3575C1621ABBE320087B3E0 /* GetImages.swift */,
			);
			path = Common;
			sourceTree = "<group>";
		};
/* End PBXGroup section */

/* Begin PBXNativeTarget section */
		A34F53FD21A124360052DBA3 /* POCEOrder */ = {
			isa = PBXNativeTarget;
			buildConfigurationList = A34F541021A124360052DBA3 /* Build configuration list for PBXNativeTarget "POCEOrder" */;
			buildPhases = (
				A34F53FA21A124360052DBA3 /* Sources */,
				A34F53FB21A124360052DBA3 /* Frameworks */,
				A34F53FC21A124360052DBA3 /* Resources */,
			);
			buildRules = (
			);
			dependencies = (
			);
			name = POCEOrder;
			productName = POCEOrder;
			productReference = A34F53FE21A124360052DBA3 /* POCEOrder.app */;
			productType = "com.apple.product-type.application";
		};
/* End PBXNativeTarget section */

/* Begin PBXProject section */
		A34F53F621A124360052DBA3 /* Project object */ = {
			isa = PBXProject;
			attributes = {
				LastSwiftUpdateCheck = 0920;
				LastUpgradeCheck = 0920;
				ORGANIZATIONNAME = "Md. Mahadhi Hassan Chowdhury";
				TargetAttributes = {
					A34F53FD21A124360052DBA3 = {
						CreatedOnToolsVersion = 9.2;
						ProvisioningStyle = Automatic;
					};
				};
			};
			buildConfigurationList = A34F53F921A124360052DBA3 /* Build configuration list for PBXProject "POCEOrder" */;
			compatibilityVersion = "Xcode 8.0";
			developmentRegion = en;
			hasScannedForEncodings = 0;
			knownRegions = (
				en,
				Base,
			);
			mainGroup = A34F53F521A124360052DBA3;
			productRefGroup = A34F53FF21A124360052DBA3 /* Products */;
			projectDirPath = "";
			projectRoot = "";
			targets = (
				A34F53FD21A124360052DBA3 /* POCEOrder */,
			);
		};
/* End PBXProject section */

/* Begin PBXResourcesBuildPhase section */
		A34F53FC21A124360052DBA3 /* Resources */ = {
			isa = PBXResourcesBuildPhase;
			buildActionMask = 2147483647;
			files = (
				A34F540C21A124360052DBA3 /* LaunchScreen.storyboard in Resources */,
				A34F540921A124360052DBA3 /* Assets.xcassets in Resources */,
				A34F540721A124360052DBA3 /* Main.storyboard in Resources */,
				A34F541621A12FB30052DBA3 /* FeatureView.xib in Resources */,
			);
			runOnlyForDeploymentPostprocessing = 0;
		};
/* End PBXResourcesBuildPhase section */

/* Begin PBXSourcesBuildPhase section */
		A34F53FA21A124360052DBA3 /* Sources */ = {
			isa = PBXSourcesBuildPhase;
			buildActionMask = 2147483647;
			files = (
				A39FD07421ABB34A0005A1CF /* ShowImagesPageViewController.swift in Sources */,
				A37A425421A294DB0014D59A /* ProfielViewController.swift in Sources */,
				A3575C1721ABBE320087B3E0 /* GetImages.swift in Sources */,
				A3502B0C21A18FE400149FAB /* ProductsCollectionViewCell.swift in Sources */,
				A3575C2121ABEC700087B3E0 /* BuyButtonTableViewCell.swift in Sources */,
				A3502B0A21A18DF700149FAB /* CategoryTableViewCell.swift in Sources */,
				A3575C1B21ABEB1B0087B3E0 /* ProductDetailsTableViewCell.swift in Sources */,
				A34F541821A12FC50052DBA3 /* FeatureView.swift in Sources */,
				A3575C1D21ABEB460087B3E0 /* SuggestionTableViewCell.swift in Sources */,
				A34F541B21A1342D0052DBA3 /* Data Model.swift in Sources */,
				A3B742ED21AACB10004BE9B8 /* ProductHeaderImageView.swift in Sources */,
				A33EE34521A2CF7700294C89 /* MyTableHeader.swift in Sources */,
				A37A425721A295C40014D59A /* UILogic.swift in Sources */,
				A3502B0E21A1910A00149FAB /* SearchTextField.swift in Sources */,
				A33EE34721A2CFCD00294C89 /* Extensions.swift in Sources */,
				A34F540421A124360052DBA3 /* ViewController.swift in Sources */,
				A3575C1F21ABEC3A0087B3E0 /* ProductDetailHeaderTableViewCell.swift in Sources */,
				A3575C1921ABC8DC0087B3E0 /* ShowImageViewController.swift in Sources */,
				A37A425021A294B60014D59A /* CategoriesViewController.swift in Sources */,
				A37A425221A294CD0014D59A /* CartViewController.swift in Sources */,
				A3B742EB21AAC97A004BE9B8 /* ProductOverviewTableViewController.swift in Sources */,
				A34F540221A124360052DBA3 /* AppDelegate.swift in Sources */,
			);
			runOnlyForDeploymentPostprocessing = 0;
		};
/* End PBXSourcesBuildPhase section */

/* Begin PBXVariantGroup section */
		A34F540521A124360052DBA3 /* Main.storyboard */ = {
			isa = PBXVariantGroup;
			children = (
				A34F540621A124360052DBA3 /* Base */,
			);
			name = Main.storyboard;
			sourceTree = "<group>";
		};
		A34F540A21A124360052DBA3 /* LaunchScreen.storyboard */ = {
			isa = PBXVariantGroup;
			children = (
				A34F540B21A124360052DBA3 /* Base */,
			);
			name = LaunchScreen.storyboard;
			sourceTree = "<group>";
		};
/* End PBXVariantGroup section */

/* Begin XCBuildConfiguration section */
		A34F540E21A124360052DBA3 /* Debug */ = {
			isa = XCBuildConfiguration;
			buildSettings = {
				ALWAYS_SEARCH_USER_PATHS = NO;
				CLANG_ANALYZER_NONNULL = YES;
				CLANG_ANALYZER_NUMBER_OBJECT_CONVERSION = YES_AGGRESSIVE;
				CLANG_CXX_LANGUAGE_STANDARD = "gnu++14";
				CLANG_CXX_LIBRARY = "libc++";
				CLANG_ENABLE_MODULES = YES;
				CLANG_ENABLE_OBJC_ARC = YES;
				CLANG_WARN_BLOCK_CAPTURE_AUTORELEASING = YES;
				CLANG_WARN_BOOL_CONVERSION = YES;
				CLANG_WARN_COMMA = YES;
				CLANG_WARN_CONSTANT_CONVERSION = YES;
				CLANG_WARN_DIRECT_OBJC_ISA_USAGE = YES_ERROR;
				CLANG_WARN_DOCUMENTATION_COMMENTS = YES;
				CLANG_WARN_EMPTY_BODY = YES;
				CLANG_WARN_ENUM_CONVERSION = YES;
				CLANG_WARN_INFINITE_RECURSION = YES;
				CLANG_WARN_INT_CONVERSION = YES;
				CLANG_WARN_NON_LITERAL_NULL_CONVERSION = YES;
				CLANG_WARN_OBJC_LITERAL_CONVERSION = YES;
				CLANG_WARN_OBJC_ROOT_CLASS = YES_ERROR;
				CLANG_WARN_RANGE_LOOP_ANALYSIS = YES;
				CLANG_WARN_STRICT_PROTOTYPES = YES;
				CLANG_WARN_SUSPICIOUS_MOVE = YES;
				CLANG_WARN_UNGUARDED_AVAILABILITY = YES_AGGRESSIVE;
				CLANG_WARN_UNREACHABLE_CODE = YES;
				CLANG_WARN__DUPLICATE_METHOD_MATCH = YES;
				CODE_SIGN_IDENTITY = "iPhone Developer";
				COPY_PHASE_STRIP = NO;
				DEBUG_INFORMATION_FORMAT = dwarf;
				ENABLE_STRICT_OBJC_MSGSEND = YES;
				ENABLE_TESTABILITY = YES;
				GCC_C_LANGUAGE_STANDARD = gnu11;
				GCC_DYNAMIC_NO_PIC = NO;
				GCC_NO_COMMON_BLOCKS = YES;
				GCC_OPTIMIZATION_LEVEL = 0;
				GCC_PREPROCESSOR_DEFINITIONS = (
					"DEBUG=1",
					"$(inherited)",
				);
				GCC_WARN_64_TO_32_BIT_CONVERSION = YES;
				GCC_WARN_ABOUT_RETURN_TYPE = YES_ERROR;
				GCC_WARN_UNDECLARED_SELECTOR = YES;
				GCC_WARN_UNINITIALIZED_AUTOS = YES_AGGRESSIVE;
				GCC_WARN_UNUSED_FUNCTION = YES;
				GCC_WARN_UNUSED_VARIABLE = YES;
				IPHONEOS_DEPLOYMENT_TARGET = 11.2;
				MTL_ENABLE_DEBUG_INFO = YES;
				ONLY_ACTIVE_ARCH = YES;
				SDKROOT = iphoneos;
				SWIFT_ACTIVE_COMPILATION_CONDITIONS = DEBUG;
				SWIFT_OPTIMIZATION_LEVEL = "-Onone";
			};
			name = Debug;
		};
		A34F540F21A124360052DBA3 /* Release */ = {
			isa = XCBuildConfiguration;
			buildSettings = {
				ALWAYS_SEARCH_USER_PATHS = NO;
				CLANG_ANALYZER_NONNULL = YES;
				CLANG_ANALYZER_NUMBER_OBJECT_CONVERSION = YES_AGGRESSIVE;
				CLANG_CXX_LANGUAGE_STANDARD = "gnu++14";
				CLANG_CXX_LIBRARY = "libc++";
				CLANG_ENABLE_MODULES = YES;
				CLANG_ENABLE_OBJC_ARC = YES;
				CLANG_WARN_BLOCK_CAPTURE_AUTORELEASING = YES;
				CLANG_WARN_BOOL_CONVERSION = YES;
				CLANG_WARN_COMMA = YES;
				CLANG_WARN_CONSTANT_CONVERSION = YES;
				CLANG_WARN_DIRECT_OBJC_ISA_USAGE = YES_ERROR;
				CLANG_WARN_DOCUMENTATION_COMMENTS = YES;
				CLANG_WARN_EMPTY_BODY = YES;
				CLANG_WARN_ENUM_CONVERSION = YES;
				CLANG_WARN_INFINITE_RECURSION = YES;
				CLANG_WARN_INT_CONVERSION = YES;
				CLANG_WARN_NON_LITERAL_NULL_CONVERSION = YES;
				CLANG_WARN_OBJC_LITERAL_CONVERSION = YES;
				CLANG_WARN_OBJC_ROOT_CLASS = YES_ERROR;
				CLANG_WARN_RANGE_LOOP_ANALYSIS = YES;
				CLANG_WARN_STRICT_PROTOTYPES = YES;
				CLANG_WARN_SUSPICIOUS_MOVE = YES;
				CLANG_WARN_UNGUARDED_AVAILABILITY = YES_AGGRESSIVE;
				CLANG_WARN_UNREACHABLE_CODE = YES;
				CLANG_WARN__DUPLICATE_METHOD_MATCH = YES;
				CODE_SIGN_IDENTITY = "iPhone Developer";
				COPY_PHASE_STRIP = NO;
				DEBUG_INFORMATION_FORMAT = "dwarf-with-dsym";
				ENABLE_NS_ASSERTIONS = NO;
				ENABLE_STRICT_OBJC_MSGSEND = YES;
				GCC_C_LANGUAGE_STANDARD = gnu11;
				GCC_NO_COMMON_BLOCKS = YES;
				GCC_WARN_64_TO_32_BIT_CONVERSION = YES;
				GCC_WARN_ABOUT_RETURN_TYPE = YES_ERROR;
				GCC_WARN_UNDECLARED_SELECTOR = YES;
				GCC_WARN_UNINITIALIZED_AUTOS = YES_AGGRESSIVE;
				GCC_WARN_UNUSED_FUNCTION = YES;
				GCC_WARN_UNUSED_VARIABLE = YES;
				IPHONEOS_DEPLOYMENT_TARGET = 11.2;
				MTL_ENABLE_DEBUG_INFO = NO;
				SDKROOT = iphoneos;
				SWIFT_OPTIMIZATION_LEVEL = "-Owholemodule";
				VALIDATE_PRODUCT = YES;
			};
			name = Release;
		};
		A34F541121A124360052DBA3 /* Debug */ = {
			isa = XCBuildConfiguration;
			buildSettings = {
				ASSETCATALOG_COMPILER_APPICON_NAME = AppIcon;
				CODE_SIGN_STYLE = Automatic;
				DEVELOPMENT_TEAM = L89LNAQUFE;
				INFOPLIST_FILE = POCEOrder/Info.plist;
				LD_RUNPATH_SEARCH_PATHS = "$(inherited) @executable_path/Frameworks";
				PRODUCT_BUNDLE_IDENTIFIER = com.Dream71BangladeshLtd.POCEOrder;
				PRODUCT_NAME = "$(TARGET_NAME)";
				SWIFT_VERSION = 4.0;
				TARGETED_DEVICE_FAMILY = "1,2";
			};
			name = Debug;
		};
		A34F541221A124360052DBA3 /* Release */ = {
			isa = XCBuildConfiguration;
			buildSettings = {
				ASSETCATALOG_COMPILER_APPICON_NAME = AppIcon;
				CODE_SIGN_STYLE = Automatic;
				DEVELOPMENT_TEAM = L89LNAQUFE;
				INFOPLIST_FILE = POCEOrder/Info.plist;
				LD_RUNPATH_SEARCH_PATHS = "$(inherited) @executable_path/Frameworks";
				PRODUCT_BUNDLE_IDENTIFIER = com.Dream71BangladeshLtd.POCEOrder;
				PRODUCT_NAME = "$(TARGET_NAME)";
				SWIFT_VERSION = 4.0;
				TARGETED_DEVICE_FAMILY = "1,2";
			};
			name = Release;
		};
/* End XCBuildConfiguration section */

/* Begin XCConfigurationList section */
		A34F53F921A124360052DBA3 /* Build configuration list for PBXProject "POCEOrder" */ = {
			isa = XCConfigurationList;
			buildConfigurations = (
				A34F540E21A124360052DBA3 /* Debug */,
				A34F540F21A124360052DBA3 /* Release */,
			);
			defaultConfigurationIsVisible = 0;
			defaultConfigurationName = Release;
		};
		A34F541021A124360052DBA3 /* Build configuration list for PBXNativeTarget "POCEOrder" */ = {
			isa = XCConfigurationList;
			buildConfigurations = (
				A34F541121A124360052DBA3 /* Debug */,
				A34F541221A124360052DBA3 /* Release */,
			);
			defaultConfigurationIsVisible = 0;
			defaultConfigurationName = Release;
		};
/* End XCConfigurationList section */
	};
	rootObject = A34F53F621A124360052DBA3 /* Project object */;
}
