// !$*UTF8*$!
{
	archiveVersion = 1;
	classes = {
	};
	objectVersion = 48;
	objects = {

/* Begin PBXBuildFile section */
		A34F540221A124360052DBA3 /* AppDelegate.swift in Sources */ = {isa = PBXBuildFile; fileRef = A34F540121A124360052DBA3 /* AppDelegate.swift */; };
		A34F540421A124360052DBA3 /* ViewController.swift in Sources */ = {isa = PBXBuildFile; fileRef = A34F540321A124360052DBA3 /* ViewController.swift */; };
		A34F540721A124360052DBA3 /* Main.storyboard in Resources */ = {isa = PBXBuildFile; fileRef = A34F540521A124360052DBA3 /* Main.storyboard */; };
		A34F540921A124360052DBA3 /* Assets.xcassets in Resources */ = {isa = PBXBuildFile; fileRef = A34F540821A124360052DBA3 /* Assets.xcassets */; };
		A34F540C21A124360052DBA3 /* LaunchScreen.storyboard in Resources */ = {isa = PBXBuildFile; fileRef = A34F540A21A124360052DBA3 /* LaunchScreen.storyboard */; };
		A34F541621A12FB30052DBA3 /* FeatureView.xib in Resources */ = {isa = PBXBuildFile; fileRef = A34F541521A12FB30052DBA3 /* FeatureView.xib */; };
		A34F541821A12FC50052DBA3 /* FeatureView.swift in Sources */ = {isa = PBXBuildFile; fileRef = A34F541721A12FC50052DBA3 /* FeatureView.swift */; };
		A34F541B21A1342D0052DBA3 /* SliderFeatures.swift in Sources */ = {isa = PBXBuildFile; fileRef = A34F541A21A1342D0052DBA3 /* SliderFeatures.swift */; };
		A3502B0121A1770B00149FAB /* DesignableTextField.swift in Sources */ = {isa = PBXBuildFile; fileRef = A3502B0021A1770B00149FAB /* DesignableTextField.swift */; };
		A3502B0621A17EE900149FAB /* CollectionViewCell.swift in Sources */ = {isa = PBXBuildFile; fileRef = A3502B0321A17EE900149FAB /* CollectionViewCell.swift */; };
		A3502B0721A17EE900149FAB /* TableViewCell.swift in Sources */ = {isa = PBXBuildFile; fileRef = A3502B0421A17EE900149FAB /* TableViewCell.swift */; };
		A3502B0821A17EE900149FAB /* SliderViewCell.swift in Sources */ = {isa = PBXBuildFile; fileRef = A3502B0521A17EE900149FAB /* SliderViewCell.swift */; };
/* End PBXBuildFile section */

/* Begin PBXFileReference section */
		A34F53FE21A124360052DBA3 /* POCEOrder.app */ = {isa = PBXFileReference; explicitFileType = wrapper.application; includeInIndex = 0; path = POCEOrder.app; sourceTree = BUILT_PRODUCTS_DIR; };
		A34F540121A124360052DBA3 /* AppDelegate.swift */ = {isa = PBXFileReference; lastKnownFileType = sourcecode.swift; path = AppDelegate.swift; sourceTree = "<group>"; };
		A34F540321A124360052DBA3 /* ViewController.swift */ = {isa = PBXFileReference; lastKnownFileType = sourcecode.swift; path = ViewController.swift; sourceTree = "<group>"; };
		A34F540621A124360052DBA3 /* Base */ = {isa = PBXFileReference; lastKnownFileType = file.storyboard; name = Base; path = Base.lproj/Main.storyboard; sourceTree = "<group>"; };
		A34F540821A124360052DBA3 /* Assets.xcassets */ = {isa = PBXFileReference; lastKnownFileType = folder.assetcatalog; path = Assets.xcassets; sourceTree = "<group>"; };
		A34F540B21A124360052DBA3 /* Base */ = {isa = PBXFileReference; lastKnownFileType = file.storyboard; name = Base; path = Base.lproj/LaunchScreen.storyboard; sourceTree = "<group>"; };
		A34F540D21A124360052DBA3 /* Info.plist */ = {isa = PBXFileReference; lastKnownFileType = text.plist.xml; path = Info.plist; sourceTree = "<group>"; };
		A34F541521A12FB30052DBA3 /* FeatureView.xib */ = {isa = PBXFileReference; lastKnownFileType = file.xib; path = FeatureView.xib; sourceTree = "<group>"; };
		A34F541721A12FC50052DBA3 /* FeatureView.swift */ = {isa = PBXFileReference; lastKnownFileType = sourcecode.swift; path = FeatureView.swift; sourceTree = "<group>"; };
		A34F541A21A1342D0052DBA3 /* SliderFeatures.swift */ = {isa = PBXFileReference; lastKnownFileType = sourcecode.swift; path = SliderFeatures.swift; sourceTree = "<group>"; };
		A3502B0021A1770B00149FAB /* DesignableTextField.swift */ = {isa = PBXFileReference; fileEncoding = 4; lastKnownFileType = sourcecode.swift; path = DesignableTextField.swift; sourceTree = "<group>"; };
		A3502B0321A17EE900149FAB /* CollectionViewCell.swift */ = {isa = PBXFileReference; fileEncoding = 4; lastKnownFileType = sourcecode.swift; path = CollectionViewCell.swift; sourceTree = "<group>"; };
		A3502B0421A17EE900149FAB /* TableViewCell.swift */ = {isa = PBXFileReference; fileEncoding = 4; lastKnownFileType = sourcecode.swift; path = TableViewCell.swift; sourceTree = "<group>"; };
		A3502B0521A17EE900149FAB /* SliderViewCell.swift */ = {isa = PBXFileReference; fileEncoding = 4; lastKnownFileType = sourcecode.swift; path = SliderViewCell.swift; sourceTree = "<group>"; };
/* End PBXFileReference section */

/* Begin PBXFrameworksBuildPhase section */
		A34F53FB21A124360052DBA3 /* Frameworks */ = {
			isa = PBXFrameworksBuildPhase;
			buildActionMask = 2147483647;
			files = (
			);
			runOnlyForDeploymentPostprocessing = 0;
		};
/* End PBXFrameworksBuildPhase section */

/* Begin PBXGroup section */
		A34F53F521A124360052DBA3 = {
			isa = PBXGroup;
			children = (
				A34F540021A124360052DBA3 /* POCEOrder */,
				A34F53FF21A124360052DBA3 /* Products */,
			);
			sourceTree = "<group>";
		};
		A34F53FF21A124360052DBA3 /* Products */ = {
			isa = PBXGroup;
			children = (
				A34F53FE21A124360052DBA3 /* POCEOrder.app */,
			);
			name = Products;
			sourceTree = "<group>";
		};
		A34F540021A124360052DBA3 /* POCEOrder */ = {
			isa = PBXGroup;
			children = (
				A34F540121A124360052DBA3 /* AppDelegate.swift */,
				A34F540321A124360052DBA3 /* ViewController.swift */,
				A34F540521A124360052DBA3 /* Main.storyboard */,
				A34F540A21A124360052DBA3 /* LaunchScreen.storyboard */,
				A3502B0221A17ED600149FAB /* Cells */,
				A3502AFF21A15DD000149FAB /* Supporting Files */,
				A34F541921A134040052DBA3 /* Model */,
				A34F540821A124360052DBA3 /* Assets.xcassets */,
				A34F540D21A124360052DBA3 /* Info.plist */,
			);
			path = POCEOrder;
			sourceTree = "<group>";
		};
		A34F541921A134040052DBA3 /* Model */ = {
			isa = PBXGroup;
			children = (
				A3502B0021A1770B00149FAB /* DesignableTextField.swift */,
				A34F541A21A1342D0052DBA3 /* SliderFeatures.swift */,
			);
			path = Model;
			sourceTree = "<group>";
		};
		A3502AFF21A15DD000149FAB /* Supporting Files */ = {
			isa = PBXGroup;
			children = (
				A34F541521A12FB30052DBA3 /* FeatureView.xib */,
				A34F541721A12FC50052DBA3 /* FeatureView.swift */,
			);
			path = "Supporting Files";
			sourceTree = "<group>";
		};
		A3502B0221A17ED600149FAB /* Cells */ = {
			isa = PBXGroup;
			children = (
				A3502B0321A17EE900149FAB /* CollectionViewCell.swift */,
				A3502B0521A17EE900149FAB /* SliderViewCell.swift */,
				A3502B0421A17EE900149FAB /* TableViewCell.swift */,
			);
			path = Cells;
			sourceTree = "<group>";
		};
/* End PBXGroup section */

/* Begin PBXNativeTarget section */
		A34F53FD21A124360052DBA3 /* POCEOrder */ = {
			isa = PBXNativeTarget;
			buildConfigurationList = A34F541021A124360052DBA3 /* Build configuration list for PBXNativeTarget "POCEOrder" */;
			buildPhases = (
				A34F53FA21A124360052DBA3 /* Sources */,
				A34F53FB21A124360052DBA3 /* Frameworks */,
				A34F53FC21A124360052DBA3 /* Resources */,
			);
			buildRules = (
			);
			dependencies = (
			);
			name = POCEOrder;
			productName = POCEOrder;
			productReference = A34F53FE21A124360052DBA3 /* POCEOrder.app */;
			productType = "com.apple.product-type.application";
		};
/* End PBXNativeTarget section */

/* Begin PBXProject section */
		A34F53F621A124360052DBA3 /* Project object */ = {
			isa = PBXProject;
			attributes = {
				LastSwiftUpdateCheck = 0920;
				LastUpgradeCheck = 0920;
				ORGANIZATIONNAME = "Md. Mahadhi Hassan Chowdhury";
				TargetAttributes = {
					A34F53FD21A124360052DBA3 = {
						CreatedOnToolsVersion = 9.2;
						ProvisioningStyle = Automatic;
					};
				};
			};
			buildConfigurationList = A34F53F921A124360052DBA3 /* Build configuration list for PBXProject "POCEOrder" */;
			compatibilityVersion = "Xcode 8.0";
			developmentRegion = en;
			hasScannedForEncodings = 0;
			knownRegions = (
				en,
				Base,
			);
			mainGroup = A34F53F521A124360052DBA3;
			productRefGroup = A34F53FF21A124360052DBA3 /* Products */;
			projectDirPath = "";
			projectRoot = "";
			targets = (
				A34F53FD21A124360052DBA3 /* POCEOrder */,
			);
		};
/* End PBXProject section */

/* Begin PBXResourcesBuildPhase section */
		A34F53FC21A124360052DBA3 /* Resources */ = {
			isa = PBXResourcesBuildPhase;
			buildActionMask = 2147483647;
			files = (
				A34F540C21A124360052DBA3 /* LaunchScreen.storyboard in Resources */,
				A34F540921A124360052DBA3 /* Assets.xcassets in Resources */,
				A34F540721A124360052DBA3 /* Main.storyboard in Resources */,
				A34F541621A12FB30052DBA3 /* FeatureView.xib in Resources */,
			);
			runOnlyForDeploymentPostprocessing = 0;
		};
/* End PBXResourcesBuildPhase section */

/* Begin PBXSourcesBuildPhase section */
		A34F53FA21A124360052DBA3 /* Sources */ = {
			isa = PBXSourcesBuildPhase;
			buildActionMask = 2147483647;
			files = (
				A34F541821A12FC50052DBA3 /* FeatureView.swift in Sources */,
				A34F541B21A1342D0052DBA3 /* SliderFeatures.swift in Sources */,
				A3502B0621A17EE900149FAB /* CollectionViewCell.swift in Sources */,
				A3502B0121A1770B00149FAB /* DesignableTextField.swift in Sources */,
				A34F540421A124360052DBA3 /* ViewController.swift in Sources */,
				A3502B0821A17EE900149FAB /* SliderViewCell.swift in Sources */,
				A3502B0721A17EE900149FAB /* TableViewCell.swift in Sources */,
				A34F540221A124360052DBA3 /* AppDelegate.swift in Sources */,
			);
			runOnlyForDeploymentPostprocessing = 0;
		};
/* End PBXSourcesBuildPhase section */

/* Begin PBXVariantGroup section */
		A34F540521A124360052DBA3 /* Main.storyboard */ = {
			isa = PBXVariantGroup;
			children = (
				A34F540621A124360052DBA3 /* Base */,
			);
			name = Main.storyboard;
			sourceTree = "<group>";
		};
		A34F540A21A124360052DBA3 /* LaunchScreen.storyboard */ = {
			isa = PBXVariantGroup;
			children = (
				A34F540B21A124360052DBA3 /* Base */,
			);
			name = LaunchScreen.storyboard;
			sourceTree = "<group>";
		};
/* End PBXVariantGroup section */

/* Begin XCBuildConfiguration section */
		A34F540E21A124360052DBA3 /* Debug */ = {
			isa = XCBuildConfiguration;
			buildSettings = {
				ALWAYS_SEARCH_USER_PATHS = NO;
				CLANG_ANALYZER_NONNULL = YES;
				CLANG_ANALYZER_NUMBER_OBJECT_CONVERSION = YES_AGGRESSIVE;
				CLANG_CXX_LANGUAGE_STANDARD = "gnu++14";
				CLANG_CXX_LIBRARY = "libc++";
				CLANG_ENABLE_MODULES = YES;
				CLANG_ENABLE_OBJC_ARC = YES;
				CLANG_WARN_BLOCK_CAPTURE_AUTORELEASING = YES;
				CLANG_WARN_BOOL_CONVERSION = YES;
				CLANG_WARN_COMMA = YES;
				CLANG_WARN_CONSTANT_CONVERSION = YES;
				CLANG_WARN_DIRECT_OBJC_ISA_USAGE = YES_ERROR;
				CLANG_WARN_DOCUMENTATION_COMMENTS = YES;
				CLANG_WARN_EMPTY_BODY = YES;
				CLANG_WARN_ENUM_CONVERSION = YES;
				CLANG_WARN_INFINITE_RECURSION = YES;
				CLANG_WARN_INT_CONVERSION = YES;
				CLANG_WARN_NON_LITERAL_NULL_CONVERSION = YES;
				CLANG_WARN_OBJC_LITERAL_CONVERSION = YES;
				CLANG_WARN_OBJC_ROOT_CLASS = YES_ERROR;
				CLANG_WARN_RANGE_LOOP_ANALYSIS = YES;
				CLANG_WARN_STRICT_PROTOTYPES = YES;
				CLANG_WARN_SUSPICIOUS_MOVE = YES;
				CLANG_WARN_UNGUARDED_AVAILABILITY = YES_AGGRESSIVE;
				CLANG_WARN_UNREACHABLE_CODE = YES;
				CLANG_WARN__DUPLICATE_METHOD_MATCH = YES;
				CODE_SIGN_IDENTITY = "iPhone Developer";
				COPY_PHASE_STRIP = NO;
				DEBUG_INFORMATION_FORMAT = dwarf;
				ENABLE_STRICT_OBJC_MSGSEND = YES;
				ENABLE_TESTABILITY = YES;
				GCC_C_LANGUAGE_STANDARD = gnu11;
				GCC_DYNAMIC_NO_PIC = NO;
				GCC_NO_COMMON_BLOCKS = YES;
				GCC_OPTIMIZATION_LEVEL = 0;
				GCC_PREPROCESSOR_DEFINITIONS = (
					"DEBUG=1",
					"$(inherited)",
				);
				GCC_WARN_64_TO_32_BIT_CONVERSION = YES;
				GCC_WARN_ABOUT_RETURN_TYPE = YES_ERROR;
				GCC_WARN_UNDECLARED_SELECTOR = YES;
				GCC_WARN_UNINITIALIZED_AUTOS = YES_AGGRESSIVE;
				GCC_WARN_UNUSED_FUNCTION = YES;
				GCC_WARN_UNUSED_VARIABLE = YES;
				IPHONEOS_DEPLOYMENT_TARGET = 11.2;
				MTL_ENABLE_DEBUG_INFO = YES;
				ONLY_ACTIVE_ARCH = YES;
				SDKROOT = iphoneos;
				SWIFT_ACTIVE_COMPILATION_CONDITIONS = DEBUG;
				SWIFT_OPTIMIZATION_LEVEL = "-Onone";
			};
			name = Debug;
		};
		A34F540F21A124360052DBA3 /* Release */ = {
			isa = XCBuildConfiguration;
			buildSettings = {
				ALWAYS_SEARCH_USER_PATHS = NO;
				CLANG_ANALYZER_NONNULL = YES;
				CLANG_ANALYZER_NUMBER_OBJECT_CONVERSION = YES_AGGRESSIVE;
				CLANG_CXX_LANGUAGE_STANDARD = "gnu++14";
				CLANG_CXX_LIBRARY = "libc++";
				CLANG_ENABLE_MODULES = YES;
				CLANG_ENABLE_OBJC_ARC = YES;
				CLANG_WARN_BLOCK_CAPTURE_AUTORELEASING = YES;
				CLANG_WARN_BOOL_CONVERSION = YES;
				CLANG_WARN_COMMA = YES;
				CLANG_WARN_CONSTANT_CONVERSION = YES;
				CLANG_WARN_DIRECT_OBJC_ISA_USAGE = YES_ERROR;
				CLANG_WARN_DOCUMENTATION_COMMENTS = YES;
				CLANG_WARN_EMPTY_BODY = YES;
				CLANG_WARN_ENUM_CONVERSION = YES;
				CLANG_WARN_INFINITE_RECURSION = YES;
				CLANG_WARN_INT_CONVERSION = YES;
				CLANG_WARN_NON_LITERAL_NULL_CONVERSION = YES;
				CLANG_WARN_OBJC_LITERAL_CONVERSION = YES;
				CLANG_WARN_OBJC_ROOT_CLASS = YES_ERROR;
				CLANG_WARN_RANGE_LOOP_ANALYSIS = YES;
				CLANG_WARN_STRICT_PROTOTYPES = YES;
				CLANG_WARN_SUSPICIOUS_MOVE = YES;
				CLANG_WARN_UNGUARDED_AVAILABILITY = YES_AGGRESSIVE;
				CLANG_WARN_UNREACHABLE_CODE = YES;
				CLANG_WARN__DUPLICATE_METHOD_MATCH = YES;
				CODE_SIGN_IDENTITY = "iPhone Developer";
				COPY_PHASE_STRIP = NO;
				DEBUG_INFORMATION_FORMAT = "dwarf-with-dsym";
				ENABLE_NS_ASSERTIONS = NO;
				ENABLE_STRICT_OBJC_MSGSEND = YES;
				GCC_C_LANGUAGE_STANDARD = gnu11;
				GCC_NO_COMMON_BLOCKS = YES;
				GCC_WARN_64_TO_32_BIT_CONVERSION = YES;
				GCC_WARN_ABOUT_RETURN_TYPE = YES_ERROR;
				GCC_WARN_UNDECLARED_SELECTOR = YES;
				GCC_WARN_UNINITIALIZED_AUTOS = YES_AGGRESSIVE;
				GCC_WARN_UNUSED_FUNCTION = YES;
				GCC_WARN_UNUSED_VARIABLE = YES;
				IPHONEOS_DEPLOYMENT_TARGET = 11.2;
				MTL_ENABLE_DEBUG_INFO = NO;
				SDKROOT = iphoneos;
				SWIFT_OPTIMIZATION_LEVEL = "-Owholemodule";
				VALIDATE_PRODUCT = YES;
			};
			name = Release;
		};
		A34F541121A124360052DBA3 /* Debug */ = {
			isa = XCBuildConfiguration;
			buildSettings = {
				ASSETCATALOG_COMPILER_APPICON_NAME = AppIcon;
				CODE_SIGN_STYLE = Automatic;
				DEVELOPMENT_TEAM = L89LNAQUFE;
				INFOPLIST_FILE = POCEOrder/Info.plist;
				LD_RUNPATH_SEARCH_PATHS = "$(inherited) @executable_path/Frameworks";
				PRODUCT_BUNDLE_IDENTIFIER = com.Dream71BangladeshLtd.POCEOrder;
				PRODUCT_NAME = "$(TARGET_NAME)";
				SWIFT_VERSION = 4.0;
				TARGETED_DEVICE_FAMILY = "1,2";
			};
			name = Debug;
		};
		A34F541221A124360052DBA3 /* Release */ = {
			isa = XCBuildConfiguration;
			buildSettings = {
				ASSETCATALOG_COMPILER_APPICON_NAME = AppIcon;
				CODE_SIGN_STYLE = Automatic;
				DEVELOPMENT_TEAM = L89LNAQUFE;
				INFOPLIST_FILE = POCEOrder/Info.plist;
				LD_RUNPATH_SEARCH_PATHS = "$(inherited) @executable_path/Frameworks";
				PRODUCT_BUNDLE_IDENTIFIER = com.Dream71BangladeshLtd.POCEOrder;
				PRODUCT_NAME = "$(TARGET_NAME)";
				SWIFT_VERSION = 4.0;
				TARGETED_DEVICE_FAMILY = "1,2";
			};
			name = Release;
		};
/* End XCBuildConfiguration section */

/* Begin XCConfigurationList section */
		A34F53F921A124360052DBA3 /* Build configuration list for PBXProject "POCEOrder" */ = {
			isa = XCConfigurationList;
			buildConfigurations = (
				A34F540E21A124360052DBA3 /* Debug */,
				A34F540F21A124360052DBA3 /* Release */,
			);
			defaultConfigurationIsVisible = 0;
			defaultConfigurationName = Release;
		};
		A34F541021A124360052DBA3 /* Build configuration list for PBXNativeTarget "POCEOrder" */ = {
			isa = XCConfigurationList;
			buildConfigurations = (
				A34F541121A124360052DBA3 /* Debug */,
				A34F541221A124360052DBA3 /* Release */,
			);
			defaultConfigurationIsVisible = 0;
			defaultConfigurationName = Release;
		};
/* End XCConfigurationList section */
	};
	rootObject = A34F53F621A124360052DBA3 /* Project object */;
}
